
Microsoft Visual Studio Solution File, Format Version 12.00
# Visual Studio Version 16
VisualStudioVersion = 16.0.31205.134
MinimumVisualStudioVersion = 10.0.40219.1
Project("{9A19103F-16F7-4668-BE54-9A1E7A4F7556}") = "LogicTableCreator", "LogikTableCreator\LogicTableCreator.csproj", "{2950DB95-A12D-4132-A0EB-1D061292B612}"
EndProject
Global
	GlobalSection(SolutionConfigurationPlatforms) = preSolution
		Debug|Any CPU = Debug|Any CPU
		Release|Any CPU = Release|Any CPU
	EndGlobalSection
	GlobalSection(ProjectConfigurationPlatforms) = postSolution
		{2950DB95-A12D-4132-A0EB-1D061292B612}.Debug|Any CPU.ActiveCfg = Debug|Any CPU
		{2950DB95-A12D-4132-A0EB-1D061292B612}.Debug|Any CPU.Build.0 = Debug|Any CPU
		{2950DB95-A12D-4132-A0EB-1D061292B612}.Release|Any CPU.ActiveCfg = Release|Any CPU
		{2950DB95-A12D-4132-A0EB-1D061292B612}.Release|Any CPU.Build.0 = Release|Any CPU
	EndGlobalSection
	GlobalSection(SolutionProperties) = preSolution
		HideSolutionNode = FALSE
	EndGlobalSection
	GlobalSection(ExtensibilityGlobals) = postSolution
		SolutionGuid = {4FFCB500-7AA5-4311-90C6-72A2A4AD58E3}
	EndGlobalSection
EndGlobal
